// !$*UTF8*$!
{
	archiveVersion = 1;
	classes = {
	};
	objectVersion = 50;
	objects = {

/* Begin PBXBuildFile section */
		F7107D7A250D17A100A4A1AB /* TimerTableViewCell.swift in Sources */ = {isa = PBXBuildFile; fileRef = F7107D79250D17A100A4A1AB /* TimerTableViewCell.swift */; };
		F7107D7C250E423100A4A1AB /* NewTimerViewController.swift in Sources */ = {isa = PBXBuildFile; fileRef = F7107D7B250E423100A4A1AB /* NewTimerViewController.swift */; };
		F7807E9A25079F21003E64E0 /* AppDelegate.swift in Sources */ = {isa = PBXBuildFile; fileRef = F7807E9925079F21003E64E0 /* AppDelegate.swift */; };
		F7807E9C25079F21003E64E0 /* SceneDelegate.swift in Sources */ = {isa = PBXBuildFile; fileRef = F7807E9B25079F21003E64E0 /* SceneDelegate.swift */; };
		F7807E9E25079F21003E64E0 /* TimerListTableViewController.swift in Sources */ = {isa = PBXBuildFile; fileRef = F7807E9D25079F21003E64E0 /* TimerListTableViewController.swift */; };
		F7807EA125079F21003E64E0 /* Main.storyboard in Resources */ = {isa = PBXBuildFile; fileRef = F7807E9F25079F21003E64E0 /* Main.storyboard */; };
		F7807EA325079F23003E64E0 /* Assets.xcassets in Resources */ = {isa = PBXBuildFile; fileRef = F7807EA225079F23003E64E0 /* Assets.xcassets */; };
		F7807EA625079F23003E64E0 /* LaunchScreen.storyboard in Resources */ = {isa = PBXBuildFile; fileRef = F7807EA425079F23003E64E0 /* LaunchScreen.storyboard */; };
		F7807EAE2507A6E4003E64E0 /* MyTimer.swift in Sources */ = {isa = PBXBuildFile; fileRef = F7807EAD2507A6E4003E64E0 /* MyTimer.swift */; };
/* End PBXBuildFile section */

/* Begin PBXFileReference section */
		F7107D79250D17A100A4A1AB /* TimerTableViewCell.swift */ = {isa = PBXFileReference; lastKnownFileType = sourcecode.swift; path = TimerTableViewCell.swift; sourceTree = "<group>"; };
		F7107D7B250E423100A4A1AB /* NewTimerViewController.swift */ = {isa = PBXFileReference; lastKnownFileType = sourcecode.swift; path = NewTimerViewController.swift; sourceTree = "<group>"; };
		F7807E9625079F21003E64E0 /* MultiTimer.app */ = {isa = PBXFileReference; explicitFileType = wrapper.application; includeInIndex = 0; path = MultiTimer.app; sourceTree = BUILT_PRODUCTS_DIR; };
		F7807E9925079F21003E64E0 /* AppDelegate.swift */ = {isa = PBXFileReference; lastKnownFileType = sourcecode.swift; path = AppDelegate.swift; sourceTree = "<group>"; };
		F7807E9B25079F21003E64E0 /* SceneDelegate.swift */ = {isa = PBXFileReference; lastKnownFileType = sourcecode.swift; path = SceneDelegate.swift; sourceTree = "<group>"; };
		F7807E9D25079F21003E64E0 /* TimerListTableViewController.swift */ = {isa = PBXFileReference; lastKnownFileType = sourcecode.swift; path = TimerListTableViewController.swift; sourceTree = "<group>"; };
		F7807EA025079F21003E64E0 /* Base */ = {isa = PBXFileReference; lastKnownFileType = file.storyboard; name = Base; path = Base.lproj/Main.storyboard; sourceTree = "<group>"; };
		F7807EA225079F23003E64E0 /* Assets.xcassets */ = {isa = PBXFileReference; lastKnownFileType = folder.assetcatalog; path = Assets.xcassets; sourceTree = "<group>"; };
		F7807EA525079F23003E64E0 /* Base */ = {isa = PBXFileReference; lastKnownFileType = file.storyboard; name = Base; path = Base.lproj/LaunchScreen.storyboard; sourceTree = "<group>"; };
		F7807EA725079F23003E64E0 /* Info.plist */ = {isa = PBXFileReference; lastKnownFileType = text.plist.xml; path = Info.plist; sourceTree = "<group>"; };
		F7807EAD2507A6E4003E64E0 /* MyTimer.swift */ = {isa = PBXFileReference; lastKnownFileType = sourcecode.swift; path = MyTimer.swift; sourceTree = "<group>"; };
/* End PBXFileReference section */

/* Begin PBXFrameworksBuildPhase section */
		F7807E9325079F21003E64E0 /* Frameworks */ = {
			isa = PBXFrameworksBuildPhase;
			buildActionMask = 2147483647;
			files = (
			);
			runOnlyForDeploymentPostprocessing = 0;
		};
/* End PBXFrameworksBuildPhase section */

/* Begin PBXGroup section */
		F7807E8D25079F21003E64E0 = {
			isa = PBXGroup;
			children = (
				F7807E9825079F21003E64E0 /* MultiTimer */,
				F7807E9725079F21003E64E0 /* Products */,
			);
			sourceTree = "<group>";
		};
		F7807E9725079F21003E64E0 /* Products */ = {
			isa = PBXGroup;
			children = (
				F7807E9625079F21003E64E0 /* MultiTimer.app */,
			);
			name = Products;
			sourceTree = "<group>";
		};
		F7807E9825079F21003E64E0 /* MultiTimer */ = {
			isa = PBXGroup;
			children = (
				F7807E9925079F21003E64E0 /* AppDelegate.swift */,
				F7807E9B25079F21003E64E0 /* SceneDelegate.swift */,
				F7807E9D25079F21003E64E0 /* TimerListTableViewController.swift */,
				F7107D79250D17A100A4A1AB /* TimerTableViewCell.swift */,
				F7107D7B250E423100A4A1AB /* NewTimerViewController.swift */,
				F7807EAD2507A6E4003E64E0 /* MyTimer.swift */,
				F7807E9F25079F21003E64E0 /* Main.storyboard */,
				F7807EA225079F23003E64E0 /* Assets.xcassets */,
				F7807EA425079F23003E64E0 /* LaunchScreen.storyboard */,
				F7807EA725079F23003E64E0 /* Info.plist */,
			);
			path = MultiTimer;
			sourceTree = "<group>";
		};
/* End PBXGroup section */

/* Begin PBXNativeTarget section */
		F7807E9525079F21003E64E0 /* MultiTimer */ = {
			isa = PBXNativeTarget;
			buildConfigurationList = F7807EAA25079F23003E64E0 /* Build configuration list for PBXNativeTarget "MultiTimer" */;
			buildPhases = (
				F7807E9225079F21003E64E0 /* Sources */,
				F7807E9325079F21003E64E0 /* Frameworks */,
				F7807E9425079F21003E64E0 /* Resources */,
			);
			buildRules = (
			);
			dependencies = (
			);
			name = MultiTimer;
			productName = MultiTimer;
			productReference = F7807E9625079F21003E64E0 /* MultiTimer.app */;
			productType = "com.apple.product-type.application";
		};
/* End PBXNativeTarget section */

/* Begin PBXProject section */
		F7807E8E25079F21003E64E0 /* Project object */ = {
			isa = PBXProject;
			attributes = {
				LastSwiftUpdateCheck = 1160;
				LastUpgradeCheck = 1160;
				ORGANIZATIONNAME = "GLEB TISHCHENKO";
				TargetAttributes = {
					F7807E9525079F21003E64E0 = {
						CreatedOnToolsVersion = 11.6;
					};
				};
			};
			buildConfigurationList = F7807E9125079F21003E64E0 /* Build configuration list for PBXProject "MultiTimer" */;
			compatibilityVersion = "Xcode 9.3";
			developmentRegion = en;
			hasScannedForEncodings = 0;
			knownRegions = (
				en,
				Base,
			);
			mainGroup = F7807E8D25079F21003E64E0;
			productRefGroup = F7807E9725079F21003E64E0 /* Products */;
			projectDirPath = "";
			projectRoot = "";
			targets = (
				F7807E9525079F21003E64E0 /* MultiTimer */,
			);
		};
/* End PBXProject section */

/* Begin PBXResourcesBuildPhase section */
		F7807E9425079F21003E64E0 /* Resources */ = {
			isa = PBXResourcesBuildPhase;
			buildActionMask = 2147483647;
			files = (
				F7807EA625079F23003E64E0 /* LaunchScreen.storyboard in Resources */,
				F7807EA325079F23003E64E0 /* Assets.xcassets in Resources */,
				F7807EA125079F21003E64E0 /* Main.storyboard in Resources */,
			);
			runOnlyForDeploymentPostprocessing = 0;
		};
/* End PBXResourcesBuildPhase section */

/* Begin PBXSourcesBuildPhase section */
		F7807E9225079F21003E64E0 /* Sources */ = {
			isa = PBXSourcesBuildPhase;
			buildActionMask = 2147483647;
			files = (
				F7807E9E25079F21003E64E0 /* TimerListTableViewController.swift in Sources */,
				F7807E9A25079F21003E64E0 /* AppDelegate.swift in Sources */,
				F7107D7A250D17A100A4A1AB /* TimerTableViewCell.swift in Sources */,
				F7107D7C250E423100A4A1AB /* NewTimerViewController.swift in Sources */,
				F7807E9C25079F21003E64E0 /* SceneDelegate.swift in Sources */,
				F7807EAE2507A6E4003E64E0 /* MyTimer.swift in Sources */,
			);
			runOnlyForDeploymentPostprocessing = 0;
		};
/* End PBXSourcesBuildPhase section */

/* Begin PBXVariantGroup section */
		F7807E9F25079F21003E64E0 /* Main.storyboard */ = {
			isa = PBXVariantGroup;
			children = (
				F7807EA025079F21003E64E0 /* Base */,
			);
			name = Main.storyboard;
			sourceTree = "<group>";
		};
		F7807EA425079F23003E64E0 /* LaunchScreen.storyboard */ = {
			isa = PBXVariantGroup;
			children = (
				F7807EA525079F23003E64E0 /* Base */,
			);
			name = LaunchScreen.storyboard;
			sourceTree = "<group>";
		};
/* End PBXVariantGroup section */

/* Begin XCBuildConfiguration section */
		F7807EA825079F23003E64E0 /* Debug */ = {
			isa = XCBuildConfiguration;
			buildSettings = {
				ALWAYS_SEARCH_USER_PATHS = NO;
				CLANG_ANALYZER_NONNULL = YES;
				CLANG_ANALYZER_NUMBER_OBJECT_CONVERSION = YES_AGGRESSIVE;
				CLANG_CXX_LANGUAGE_STANDARD = "gnu++14";
				CLANG_CXX_LIBRARY = "libc++";
				CLANG_ENABLE_MODULES = YES;
				CLANG_ENABLE_OBJC_ARC = YES;
				CLANG_ENABLE_OBJC_WEAK = YES;
				CLANG_WARN_BLOCK_CAPTURE_AUTORELEASING = YES;
				CLANG_WARN_BOOL_CONVERSION = YES;
				CLANG_WARN_COMMA = YES;
				CLANG_WARN_CONSTANT_CONVERSION = YES;
				CLANG_WARN_DEPRECATED_OBJC_IMPLEMENTATIONS = YES;
				CLANG_WARN_DIRECT_OBJC_ISA_USAGE = YES_ERROR;
				CLANG_WARN_DOCUMENTATION_COMMENTS = YES;
				CLANG_WARN_EMPTY_BODY = YES;
				CLANG_WARN_ENUM_CONVERSION = YES;
				CLANG_WARN_INFINITE_RECURSION = YES;
				CLANG_WARN_INT_CONVERSION = YES;
				CLANG_WARN_NON_LITERAL_NULL_CONVERSION = YES;
				CLANG_WARN_OBJC_IMPLICIT_RETAIN_SELF = YES;
				CLANG_WARN_OBJC_LITERAL_CONVERSION = YES;
				CLANG_WARN_OBJC_ROOT_CLASS = YES_ERROR;
				CLANG_WARN_RANGE_LOOP_ANALYSIS = YES;
				CLANG_WARN_STRICT_PROTOTYPES = YES;
				CLANG_WARN_SUSPICIOUS_MOVE = YES;
				CLANG_WARN_UNGUARDED_AVAILABILITY = YES_AGGRESSIVE;
				CLANG_WARN_UNREACHABLE_CODE = YES;
				CLANG_WARN__DUPLICATE_METHOD_MATCH = YES;
				COPY_PHASE_STRIP = NO;
				DEBUG_INFORMATION_FORMAT = dwarf;
				ENABLE_STRICT_OBJC_MSGSEND = YES;
				ENABLE_TESTABILITY = YES;
				GCC_C_LANGUAGE_STANDARD = gnu11;
				GCC_DYNAMIC_NO_PIC = NO;
				GCC_NO_COMMON_BLOCKS = YES;
				GCC_OPTIMIZATION_LEVEL = 0;
				GCC_PREPROCESSOR_DEFINITIONS = (
					"DEBUG=1",
					"$(inherited)",
				);
				GCC_WARN_64_TO_32_BIT_CONVERSION = YES;
				GCC_WARN_ABOUT_RETURN_TYPE = YES_ERROR;
				GCC_WARN_UNDECLARED_SELECTOR = YES;
				GCC_WARN_UNINITIALIZED_AUTOS = YES_AGGRESSIVE;
				GCC_WARN_UNUSED_FUNCTION = YES;
				GCC_WARN_UNUSED_VARIABLE = YES;
				IPHONEOS_DEPLOYMENT_TARGET = 13.6;
				MTL_ENABLE_DEBUG_INFO = INCLUDE_SOURCE;
				MTL_FAST_MATH = YES;
				ONLY_ACTIVE_ARCH = YES;
				SDKROOT = iphoneos;
				SWIFT_ACTIVE_COMPILATION_CONDITIONS = DEBUG;
				SWIFT_OPTIMIZATION_LEVEL = "-Onone";
			};
			name = Debug;
		};
		F7807EA925079F23003E64E0 /* Release */ = {
			isa = XCBuildConfiguration;
			buildSettings = {
				ALWAYS_SEARCH_USER_PATHS = NO;
				CLANG_ANALYZER_NONNULL = YES;
				CLANG_ANALYZER_NUMBER_OBJECT_CONVERSION = YES_AGGRESSIVE;
				CLANG_CXX_LANGUAGE_STANDARD = "gnu++14";
				CLANG_CXX_LIBRARY = "libc++";
				CLANG_ENABLE_MODULES = YES;
				CLANG_ENABLE_OBJC_ARC = YES;
				CLANG_ENABLE_OBJC_WEAK = YES;
				CLANG_WARN_BLOCK_CAPTURE_AUTORELEASING = YES;
				CLANG_WARN_BOOL_CONVERSION = YES;
				CLANG_WARN_COMMA = YES;
				CLANG_WARN_CONSTANT_CONVERSION = YES;
				CLANG_WARN_DEPRECATED_OBJC_IMPLEMENTATIONS = YES;
				CLANG_WARN_DIRECT_OBJC_ISA_USAGE = YES_ERROR;
				CLANG_WARN_DOCUMENTATION_COMMENTS = YES;
				CLANG_WARN_EMPTY_BODY = YES;
				CLANG_WARN_ENUM_CONVERSION = YES;
				CLANG_WARN_INFINITE_RECURSION = YES;
				CLANG_WARN_INT_CONVERSION = YES;
				CLANG_WARN_NON_LITERAL_NULL_CONVERSION = YES;
				CLANG_WARN_OBJC_IMPLICIT_RETAIN_SELF = YES;
				CLANG_WARN_OBJC_LITERAL_CONVERSION = YES;
				CLANG_WARN_OBJC_ROOT_CLASS = YES_ERROR;
				CLANG_WARN_RANGE_LOOP_ANALYSIS = YES;
				CLANG_WARN_STRICT_PROTOTYPES = YES;
				CLANG_WARN_SUSPICIOUS_MOVE = YES;
				CLANG_WARN_UNGUARDED_AVAILABILITY = YES_AGGRESSIVE;
				CLANG_WARN_UNREACHABLE_CODE = YES;
				CLANG_WARN__DUPLICATE_METHOD_MATCH = YES;
				COPY_PHASE_STRIP = NO;
				DEBUG_INFORMATION_FORMAT = "dwarf-with-dsym";
				ENABLE_NS_ASSERTIONS = NO;
				ENABLE_STRICT_OBJC_MSGSEND = YES;
				GCC_C_LANGUAGE_STANDARD = gnu11;
				GCC_NO_COMMON_BLOCKS = YES;
				GCC_WARN_64_TO_32_BIT_CONVERSION = YES;
				GCC_WARN_ABOUT_RETURN_TYPE = YES_ERROR;
				GCC_WARN_UNDECLARED_SELECTOR = YES;
				GCC_WARN_UNINITIALIZED_AUTOS = YES_AGGRESSIVE;
				GCC_WARN_UNUSED_FUNCTION = YES;
				GCC_WARN_UNUSED_VARIABLE = YES;
				IPHONEOS_DEPLOYMENT_TARGET = 13.6;
				MTL_ENABLE_DEBUG_INFO = NO;
				MTL_FAST_MATH = YES;
				SDKROOT = iphoneos;
				SWIFT_COMPILATION_MODE = wholemodule;
				SWIFT_OPTIMIZATION_LEVEL = "-O";
				VALIDATE_PRODUCT = YES;
			};
			name = Release;
		};
		F7807EAB25079F23003E64E0 /* Debug */ = {
			isa = XCBuildConfiguration;
			buildSettings = {
				ASSETCATALOG_COMPILER_APPICON_NAME = AppIcon;
				CODE_SIGN_IDENTITY = "Apple Development";
				CODE_SIGN_STYLE = Automatic;
				DEVELOPMENT_TEAM = SS5NLXW3S5;
				INFOPLIST_FILE = MultiTimer/Info.plist;
				IPHONEOS_DEPLOYMENT_TARGET = 14.2;
				LD_RUNPATH_SEARCH_PATHS = (
					"$(inherited)",
					"@executable_path/Frameworks",
				);
				PRODUCT_BUNDLE_IDENTIFIER = com.afewdevelopers.MultiTimer;
				PRODUCT_NAME = "$(TARGET_NAME)";
				PROVISIONING_PROFILE_SPECIFIER = "";
				SWIFT_VERSION = 5.0;
				TARGETED_DEVICE_FAMILY = "1,2";
			};
			name = Debug;
		};
		F7807EAC25079F23003E64E0 /* Release */ = {
			isa = XCBuildConfiguration;
			buildSettings = {
				ASSETCATALOG_COMPILER_APPICON_NAME = AppIcon;
				CODE_SIGN_IDENTITY = "Apple Development";
				CODE_SIGN_STYLE = Automatic;
				DEVELOPMENT_TEAM = SS5NLXW3S5;
				INFOPLIST_FILE = MultiTimer/Info.plist;
				IPHONEOS_DEPLOYMENT_TARGET = 14.2;
				LD_RUNPATH_SEARCH_PATHS = (
					"$(inherited)",
					"@executable_path/Frameworks",
				);
				PRODUCT_BUNDLE_IDENTIFIER = com.afewdevelopers.MultiTimer;
				PRODUCT_NAME = "$(TARGET_NAME)";
				PROVISIONING_PROFILE_SPECIFIER = "";
				SWIFT_VERSION = 5.0;
				TARGETED_DEVICE_FAMILY = "1,2";
			};
			name = Release;
		};
/* End XCBuildConfiguration section */

/* Begin XCConfigurationList section */
		F7807E9125079F21003E64E0 /* Build configuration list for PBXProject "MultiTimer" */ = {
			isa = XCConfigurationList;
			buildConfigurations = (
				F7807EA825079F23003E64E0 /* Debug */,
				F7807EA925079F23003E64E0 /* Release */,
			);
			defaultConfigurationIsVisible = 0;
			defaultConfigurationName = Release;
		};
		F7807EAA25079F23003E64E0 /* Build configuration list for PBXNativeTarget "MultiTimer" */ = {
			isa = XCConfigurationList;
			buildConfigurations = (
				F7807EAB25079F23003E64E0 /* Debug */,
				F7807EAC25079F23003E64E0 /* Release */,
			);
			defaultConfigurationIsVisible = 0;
			defaultConfigurationName = Release;
		};
/* End XCConfigurationList section */
	};
	rootObject = F7807E8E25079F21003E64E0 /* Project object */;
}
